<?xml version="1.0" encoding="utf-8"?>
<Project ToolsVersion="4.0" xmlns="http://schemas.microsoft.com/developer/msbuild/2003">
  <ItemGroup>
    <Filter Include="Source Files">
      <UniqueIdentifier>{4FC737F1-C7A5-4376-A066-2A32D752A2FF}</UniqueIdentifier>
      <Extensions>cpp;c;cc;cxx;def;odl;idl;hpj;bat;asm;asmx</Extensions>
    </Filter>
    <Filter Include="Source Files\enemy">
      <UniqueIdentifier>{ccb09568-bba2-49cc-a8f5-91cedba41232}</UniqueIdentifier>
    </Filter>
    <Filter Include="Source Files\bullets">
      <UniqueIdentifier>{30fa36b7-2d15-4ae4-a972-6a0497732ecf}</UniqueIdentifier>
    </Filter>
    <Filter Include="Source Files\vpl">
      <UniqueIdentifier>{cb6b2302-4bb3-4128-9371-c7b691f3b891}</UniqueIdentifier>
    </Filter>
    <Filter Include="Header Files">
      <UniqueIdentifier>{93995380-89BD-4b04-88EB-625FBE52EBFB}</UniqueIdentifier>
      <Extensions>h;hpp;hxx;hm;inl;inc;xsd</Extensions>
    </Filter>
    <Filter Include="Resource Files">
      <UniqueIdentifier>{67DA6AB6-F800-4c08-8B7A-83BB121AAD01}</UniqueIdentifier>
      <Extensions>rc;ico;cur;bmp;dlg;rc2;rct;bin;rgs;gif;jpg;jpeg;jpe;resx;tiff;tif;png;wav</Extensions>
    </Filter>
  </ItemGroup>
  <ItemGroup>
    <ClCompile Include="app.cpp">
      <Filter>Source Files</Filter>
    </ClCompile>
    <ClCompile Include="core\charmap.cpp">
      <Filter>Source Files</Filter>
    </ClCompile>
    <ClCompile Include="core\delegate.cpp">
      <Filter>Source Files</Filter>
    </ClCompile>
    <ClCompile Include="vpl\generator.cpp">
      <Filter>Source Files</Filter>
    </ClCompile>
    <ClCompile Include="vpl\main.cpp">
      <Filter>Source Files</Filter>
    </ClCompile>
    <ClCompile Include="core\object.cpp">
      <Filter>Source Files</Filter>
    </ClCompile>
    <ClCompile Include="core\player.cpp">
      <Filter>Source Files</Filter>
    </ClCompile>
    <ClCompile Include="core\surface.cpp">
      <Filter>Source Files</Filter>
    </ClCompile>
    <ClCompile Include="core\template.cpp">
      <Filter>Source Files</Filter>
    </ClCompile>
    <ClCompile Include="vpl\tinyxml.cpp">
      <Filter>Source Files</Filter>
    </ClCompile>
    <ClCompile Include="enemy\Enemy01.cpp">
      <Filter>Source Files\enemy</Filter>
    </ClCompile>
    <ClCompile Include="enemy\Enemy02.cpp">
      <Filter>Source Files\enemy</Filter>
    </ClCompile>
    <ClCompile Include="enemy\Enemy03.cpp">
      <Filter>Source Files\enemy</Filter>
    </ClCompile>
    <ClCompile Include="enemy\Enemy04.cpp">
      <Filter>Source Files\enemy</Filter>
    </ClCompile>
    <ClCompile Include="enemy\Enemy05.cpp">
      <Filter>Source Files\enemy</Filter>
    </ClCompile>
    <ClCompile Include="enemy\Enemy06.cpp">
      <Filter>Source Files\enemy</Filter>
    </ClCompile>
    <ClCompile Include="enemy\Enemy07.cpp">
      <Filter>Source Files\enemy</Filter>
    </ClCompile>
    <ClCompile Include="enemy\Enemy08.cpp">
      <Filter>Source Files\enemy</Filter>
    </ClCompile>
    <ClCompile Include="enemy\Enemy09.cpp">
      <Filter>Source Files\enemy</Filter>
    </ClCompile>
    <ClCompile Include="enemy\Enemy10.cpp">
      <Filter>Source Files\enemy</Filter>
    </ClCompile>
    <ClCompile Include="bullets\enemybullet01.cpp">
      <Filter>Source Files\bullets</Filter>
    </ClCompile>
    <ClCompile Include="bullets\enemybullet02.cpp">
      <Filter>Source Files\bullets</Filter>
    </ClCompile>
    <ClCompile Include="bullets\enemybullet03.cpp">
      <Filter>Source Files\bullets</Filter>
    </ClCompile>
    <ClCompile Include="bullets\playerbullet.cpp">
      <Filter>Source Files\bullets</Filter>
    </ClCompile>
  </ItemGroup>
  <ItemGroup>
    <ClInclude Include="core\charmap.h">
      <Filter>Header Files</Filter>
    </ClInclude>
    <ClInclude Include="core\delegate.h">
      <Filter>Header Files</Filter>
    </ClInclude>
    <ClInclude Include="vpl\Generated.h">
      <Filter>Header Files</Filter>
    </ClInclude>
    <ClInclude Include="vpl\generator.h">
      <Filter>Header Files</Filter>
    </ClInclude>
    <ClInclude Include="core\object.h">
      <Filter>Header Files</Filter>
    </ClInclude>
    <ClInclude Include="stdafx.h">
      <Filter>Header Files</Filter>
    </ClInclude>
    <ClInclude Include="core\surface.h">
      <Filter>Header Files</Filter>
    </ClInclude>
    <ClInclude Include="vpl\tinyxml.h">
      <Filter>Header Files</Filter>
    </ClInclude>
    <ClInclude Include="vpl\weak.h">
      <Filter>Header Files</Filter>
    </ClInclude>
  </ItemGroup>
  <ItemGroup>
    <CustomBuild Include="vpl\Generated.gentarget" />
  </ItemGroup>
</Project>